lockfileVersion: '9.0'

settings:
  autoInstallPeers: true
  excludeLinksFromLockfile: false

importers:

  .:
    devDependencies:
      '@soksak/plugin-api':
        specifier: git+https://github.com/soksak-app/core.git#v0.0.4&path:/packages/plugin-api
        version: https://codeload.github.com/soksak-app/core/tar.gz/9a88173b94e5f394a3d16e41ed22ebd7b785b769#path:/packages/plugin-api

packages:

  '@soksak/plugin-api@https://codeload.github.com/soksak-app/core/tar.gz/9a88173b94e5f394a3d16e41ed22ebd7b785b769#path:/packages/plugin-api':
    resolution: {gitHosted: true, path: /packages/plugin-api, tarball: https://codeload.github.com/soksak-app/core/tar.gz/9a88173b94e5f394a3d16e41ed22ebd7b785b769}
    version: 0.0.4
    hasBin: true

snapshots:

  '@soksak/plugin-api@https://codeload.github.com/soksak-app/core/tar.gz/9a88173b94e5f394a3d16e41ed22ebd7b785b769#path:/packages/plugin-api': {}
